// !$*UTF8*$!
{
	archiveVersion = 1;
	classes = {
	};
	objectVersion = 56;
	objects = {

/* Begin PBXBuildFile section */
		E94021222F5AF8E200337521 /* Tel24App.swift in Sources */ = {isa = PBXBuildFile; fileRef = E94021212F5AF8E200337521 /* Tel24App.swift */; };
		E94021242F5AF8E200337521 /* ContentView.swift in Sources */ = {isa = PBXBuildFile; fileRef = E94021232F5AF8E200337521 /* ContentView.swift */; };
		E94021262F5AF8E400337521 /* Assets.xcassets in Resources */ = {isa = PBXBuildFile; fileRef = E94021252F5AF8E400337521 /* Assets.xcassets */; };
		E94021292F5AF8E400337521 /* Preview Assets.xcassets in Resources */ = {isa = PBXBuildFile; fileRef = E94021282F5AF8E400337521 /* Preview Assets.xcassets */; };
		E940212B2F5AF8E400337521 /* Persistence.swift in Sources */ = {isa = PBXBuildFile; fileRef = E940212A2F5AF8E400337521 /* Persistence.swift */; };
		E940212E2F5AF8E400337521 /* Tel24.xcdatamodeld in Sources */ = {isa = PBXBuildFile; fileRef = E940212C2F5AF8E400337521 /* Tel24.xcdatamodeld */; };
		E94021382F5AF8E400337521 /* Tel24Tests.swift in Sources */ = {isa = PBXBuildFile; fileRef = E94021372F5AF8E400337521 /* Tel24Tests.swift */; };
		E94021422F5AF8E400337521 /* Tel24UITests.swift in Sources */ = {isa = PBXBuildFile; fileRef = E94021412F5AF8E400337521 /* Tel24UITests.swift */; };
		E94021442F5AF8E400337521 /* Tel24UITestsLaunchTests.swift in Sources */ = {isa = PBXBuildFile; fileRef = E94021432F5AF8E400337521 /* Tel24UITestsLaunchTests.swift */; };
/* End PBXBuildFile section */

/* Begin PBXContainerItemProxy section */
		E94021342F5AF8E400337521 /* PBXContainerItemProxy */ = {
			isa = PBXContainerItemProxy;
			containerPortal = E94021162F5AF8E200337521 /* Project object */;
			proxyType = 1;
			remoteGlobalIDString = E940211D2F5AF8E200337521;
			remoteInfo = Tel24;
		};
		E940213E2F5AF8E400337521 /* PBXContainerItemProxy */ = {
			isa = PBXContainerItemProxy;
			containerPortal = E94021162F5AF8E200337521 /* Project object */;
			proxyType = 1;
			remoteGlobalIDString = E940211D2F5AF8E200337521;
			remoteInfo = Tel24;
		};
/* End PBXContainerItemProxy section */

/* Begin PBXFileReference section */
		E940211E2F5AF8E200337521 /* Tel24.app */ = {isa = PBXFileReference; explicitFileType = wrapper.application; includeInIndex = 0; path = Tel24.app; sourceTree = BUILT_PRODUCTS_DIR; };
		E94021212F5AF8E200337521 /* Tel24App.swift */ = {isa = PBXFileReference; lastKnownFileType = sourcecode.swift; path = Tel24App.swift; sourceTree = "<group>"; };
		E94021232F5AF8E200337521 /* ContentView.swift */ = {isa = PBXFileReference; lastKnownFileType = sourcecode.swift; path = ContentView.swift; sourceTree = "<group>"; };
		E94021252F5AF8E400337521 /* Assets.xcassets */ = {isa = PBXFileReference; lastKnownFileType = folder.assetcatalog; path = Assets.xcassets; sourceTree = "<group>"; };
		E94021282F5AF8E400337521 /* Preview Assets.xcassets */ = {isa = PBXFileReference; lastKnownFileType = folder.assetcatalog; path = "Preview Assets.xcassets"; sourceTree = "<group>"; };
		E940212A2F5AF8E400337521 /* Persistence.swift */ = {isa = PBXFileReference; lastKnownFileType = sourcecode.swift; path = Persistence.swift; sourceTree = "<group>"; };
		E940212D2F5AF8E400337521 /* Tel24.xcdatamodel */ = {isa = PBXFileReference; lastKnownFileType = wrapper.xcdatamodel; path = Tel24.xcdatamodel; sourceTree = "<group>"; };
		E94021332F5AF8E400337521 /* Tel24Tests.xctest */ = {isa = PBXFileReference; explicitFileType = wrapper.cfbundle; includeInIndex = 0; path = Tel24Tests.xctest; sourceTree = BUILT_PRODUCTS_DIR; };
		E94021372F5AF8E400337521 /* Tel24Tests.swift */ = {isa = PBXFileReference; lastKnownFileType = sourcecode.swift; path = Tel24Tests.swift; sourceTree = "<group>"; };
		E940213D2F5AF8E400337521 /* Tel24UITests.xctest */ = {isa = PBXFileReference; explicitFileType = wrapper.cfbundle; includeInIndex = 0; path = Tel24UITests.xctest; sourceTree = BUILT_PRODUCTS_DIR; };
		E94021412F5AF8E400337521 /* Tel24UITests.swift */ = {isa = PBXFileReference; lastKnownFileType = sourcecode.swift; path = Tel24UITests.swift; sourceTree = "<group>"; };
		E94021432F5AF8E400337521 /* Tel24UITestsLaunchTests.swift */ = {isa = PBXFileReference; lastKnownFileType = sourcecode.swift; path = Tel24UITestsLaunchTests.swift; sourceTree = "<group>"; };
/* End PBXFileReference section */

/* Begin PBXFrameworksBuildPhase section */
		E940211B2F5AF8E200337521 /* Frameworks */ = {
			isa = PBXFrameworksBuildPhase;
			buildActionMask = 2147483647;
			files = (
			);
			runOnlyForDeploymentPostprocessing = 0;
		};
		E94021302F5AF8E400337521 /* Frameworks */ = {
			isa = PBXFrameworksBuildPhase;
			buildActionMask = 2147483647;
			files = (
			);
			runOnlyForDeploymentPostprocessing = 0;
		};
		E940213A2F5AF8E400337521 /* Frameworks */ = {
			isa = PBXFrameworksBuildPhase;
			buildActionMask = 2147483647;
			files = (
			);
			runOnlyForDeploymentPostprocessing = 0;
		};
/* End PBXFrameworksBuildPhase section */

/* Begin PBXGroup section */
		E94021152F5AF8E200337521 = {
			isa = PBXGroup;
			children = (
				E94021202F5AF8E200337521 /* Tel24 */,
				E94021362F5AF8E400337521 /* Tel24Tests */,
				E94021402F5AF8E400337521 /* Tel24UITests */,
				E940211F2F5AF8E200337521 /* Products */,
			);
			sourceTree = "<group>";
		};
		E940211F2F5AF8E200337521 /* Products */ = {
			isa = PBXGroup;
			children = (
				E940211E2F5AF8E200337521 /* Tel24.app */,
				E94021332F5AF8E400337521 /* Tel24Tests.xctest */,
				E940213D2F5AF8E400337521 /* Tel24UITests.xctest */,
			);
			name = Products;
			sourceTree = "<group>";
		};
		E94021202F5AF8E200337521 /* Tel24 */ = {
			isa = PBXGroup;
			children = (
				E94021212F5AF8E200337521 /* Tel24App.swift */,
				E94021232F5AF8E200337521 /* ContentView.swift */,
				E94021252F5AF8E400337521 /* Assets.xcassets */,
				E940212A2F5AF8E400337521 /* Persistence.swift */,
				E940212C2F5AF8E400337521 /* Tel24.xcdatamodeld */,
				E94021272F5AF8E400337521 /* Preview Content */,
			);
			path = Tel24;
			sourceTree = "<group>";
		};
		E94021272F5AF8E400337521 /* Preview Content */ = {
			isa = PBXGroup;
			children = (
				E94021282F5AF8E400337521 /* Preview Assets.xcassets */,
			);
			path = "Preview Content";
			sourceTree = "<group>";
		};
		E94021362F5AF8E400337521 /* Tel24Tests */ = {
			isa = PBXGroup;
			children = (
				E94021372F5AF8E400337521 /* Tel24Tests.swift */,
			);
			path = Tel24Tests;
			sourceTree = "<group>";
		};
		E94021402F5AF8E400337521 /* Tel24UITests */ = {
			isa = PBXGroup;
			children = (
				E94021412F5AF8E400337521 /* Tel24UITests.swift */,
				E94021432F5AF8E400337521 /* Tel24UITestsLaunchTests.swift */,
			);
			path = Tel24UITests;
			sourceTree = "<group>";
		};
/* End PBXGroup section */

/* Begin PBXNativeTarget section */
		E940211D2F5AF8E200337521 /* Tel24 */ = {
			isa = PBXNativeTarget;
			buildConfigurationList = E94021472F5AF8E400337521 /* Build configuration list for PBXNativeTarget "Tel24" */;
			buildPhases = (
				E940211A2F5AF8E200337521 /* Sources */,
				E940211B2F5AF8E200337521 /* Frameworks */,
				E940211C2F5AF8E200337521 /* Resources */,
			);
			buildRules = (
			);
			dependencies = (
			);
			name = Tel24;
			productName = Tel24;
			productReference = E940211E2F5AF8E200337521 /* Tel24.app */;
			productType = "com.apple.product-type.application";
		};
		E94021322F5AF8E400337521 /* Tel24Tests */ = {
			isa = PBXNativeTarget;
			buildConfigurationList = E940214A2F5AF8E400337521 /* Build configuration list for PBXNativeTarget "Tel24Tests" */;
			buildPhases = (
				E940212F2F5AF8E400337521 /* Sources */,
				E94021302F5AF8E400337521 /* Frameworks */,
				E94021312F5AF8E400337521 /* Resources */,
			);
			buildRules = (
			);
			dependencies = (
				E94021352F5AF8E400337521 /* PBXTargetDependency */,
			);
			name = Tel24Tests;
			productName = Tel24Tests;
			productReference = E94021332F5AF8E400337521 /* Tel24Tests.xctest */;
			productType = "com.apple.product-type.bundle.unit-test";
		};
		E940213C2F5AF8E400337521 /* Tel24UITests */ = {
			isa = PBXNativeTarget;
			buildConfigurationList = E940214D2F5AF8E400337521 /* Build configuration list for PBXNativeTarget "Tel24UITests" */;
			buildPhases = (
				E94021392F5AF8E400337521 /* Sources */,
				E940213A2F5AF8E400337521 /* Frameworks */,
				E940213B2F5AF8E400337521 /* Resources */,
			);
			buildRules = (
			);
			dependencies = (
				E940213F2F5AF8E400337521 /* PBXTargetDependency */,
			);
			name = Tel24UITests;
			productName = Tel24UITests;
			productReference = E940213D2F5AF8E400337521 /* Tel24UITests.xctest */;
			productType = "com.apple.product-type.bundle.ui-testing";
		};
/* End PBXNativeTarget section */

/* Begin PBXProject section */
		E94021162F5AF8E200337521 /* Project object */ = {
			isa = PBXProject;
			attributes = {
				BuildIndependentTargetsInParallel = 1;
				LastSwiftUpdateCheck = 1410;
				LastUpgradeCheck = 1410;
				TargetAttributes = {
					E940211D2F5AF8E200337521 = {
						CreatedOnToolsVersion = 14.1;
					};
					E94021322F5AF8E400337521 = {
						CreatedOnToolsVersion = 14.1;
						TestTargetID = E940211D2F5AF8E200337521;
					};
					E940213C2F5AF8E400337521 = {
						CreatedOnToolsVersion = 14.1;
						TestTargetID = E940211D2F5AF8E200337521;
					};
				};
			};
			buildConfigurationList = E94021192F5AF8E200337521 /* Build configuration list for PBXProject "Tel24" */;
			compatibilityVersion = "Xcode 14.0";
			developmentRegion = en;
			hasScannedForEncodings = 0;
			knownRegions = (
				en,
				Base,
			);
			mainGroup = E94021152F5AF8E200337521;
			productRefGroup = E940211F2F5AF8E200337521 /* Products */;
			projectDirPath = "";
			projectRoot = "";
			targets = (
				E940211D2F5AF8E200337521 /* Tel24 */,
				E94021322F5AF8E400337521 /* Tel24Tests */,
				E940213C2F5AF8E400337521 /* Tel24UITests */,
			);
		};
/* End PBXProject section */

/* Begin PBXResourcesBuildPhase section */
		E940211C2F5AF8E200337521 /* Resources */ = {
			isa = PBXResourcesBuildPhase;
			buildActionMask = 2147483647;
			files = (
				E94021292F5AF8E400337521 /* Preview Assets.xcassets in Resources */,
				E94021262F5AF8E400337521 /* Assets.xcassets in Resources */,
			);
			runOnlyForDeploymentPostprocessing = 0;
		};
		E94021312F5AF8E400337521 /* Resources */ = {
			isa = PBXResourcesBuildPhase;
			buildActionMask = 2147483647;
			files = (
			);
			runOnlyForDeploymentPostprocessing = 0;
		};
		E940213B2F5AF8E400337521 /* Resources */ = {
			isa = PBXResourcesBuildPhase;
			buildActionMask = 2147483647;
			files = (
			);
			runOnlyForDeploymentPostprocessing = 0;
		};
/* End PBXResourcesBuildPhase section */

/* Begin PBXSourcesBuildPhase section */
		E940211A2F5AF8E200337521 /* Sources */ = {
			isa = PBXSourcesBuildPhase;
			buildActionMask = 2147483647;
			files = (
				E940212B2F5AF8E400337521 /* Persistence.swift in Sources */,
				E940212E2F5AF8E400337521 /* Tel24.xcdatamodeld in Sources */,
				E94021242F5AF8E200337521 /* ContentView.swift in Sources */,
				E94021222F5AF8E200337521 /* Tel24App.swift in Sources */,
			);
			runOnlyForDeploymentPostprocessing = 0;
		};
		E940212F2F5AF8E400337521 /* Sources */ = {
			isa = PBXSourcesBuildPhase;
			buildActionMask = 2147483647;
			files = (
				E94021382F5AF8E400337521 /* Tel24Tests.swift in Sources */,
			);
			runOnlyForDeploymentPostprocessing = 0;
		};
		E94021392F5AF8E400337521 /* Sources */ = {
			isa = PBXSourcesBuildPhase;
			buildActionMask = 2147483647;
			files = (
				E94021442F5AF8E400337521 /* Tel24UITestsLaunchTests.swift in Sources */,
				E94021422F5AF8E400337521 /* Tel24UITests.swift in Sources */,
			);
			runOnlyForDeploymentPostprocessing = 0;
		};
/* End PBXSourcesBuildPhase section */

/* Begin PBXTargetDependency section */
		E94021352F5AF8E400337521 /* PBXTargetDependency */ = {
			isa = PBXTargetDependency;
			target = E940211D2F5AF8E200337521 /* Tel24 */;
			targetProxy = E94021342F5AF8E400337521 /* PBXContainerItemProxy */;
		};
		E940213F2F5AF8E400337521 /* PBXTargetDependency */ = {
			isa = PBXTargetDependency;
			target = E940211D2F5AF8E200337521 /* Tel24 */;
			targetProxy = E940213E2F5AF8E400337521 /* PBXContainerItemProxy */;
		};
/* End PBXTargetDependency section */

/* Begin XCBuildConfiguration section */
		E94021452F5AF8E400337521 /* Debug */ = {
			isa = XCBuildConfiguration;
			buildSettings = {
				ALWAYS_SEARCH_USER_PATHS = NO;
				CLANG_ANALYZER_NONNULL = YES;
				CLANG_ANALYZER_NUMBER_OBJECT_CONVERSION = YES_AGGRESSIVE;
				CLANG_CXX_LANGUAGE_STANDARD = "gnu++20";
				CLANG_ENABLE_MODULES = YES;
				CLANG_ENABLE_OBJC_ARC = YES;
				CLANG_ENABLE_OBJC_WEAK = YES;
				CLANG_WARN_BLOCK_CAPTURE_AUTORELEASING = YES;
				CLANG_WARN_BOOL_CONVERSION = YES;
				CLANG_WARN_COMMA = YES;
				CLANG_WARN_CONSTANT_CONVERSION = YES;
				CLANG_WARN_DEPRECATED_OBJC_IMPLEMENTATIONS = YES;
				CLANG_WARN_DIRECT_OBJC_ISA_USAGE = YES_ERROR;
				CLANG_WARN_DOCUMENTATION_COMMENTS = YES;
				CLANG_WARN_EMPTY_BODY = YES;
				CLANG_WARN_ENUM_CONVERSION = YES;
				CLANG_WARN_INFINITE_RECURSION = YES;
				CLANG_WARN_INT_CONVERSION = YES;
				CLANG_WARN_NON_LITERAL_NULL_CONVERSION = YES;
				CLANG_WARN_OBJC_IMPLICIT_RETAIN_SELF = YES;
				CLANG_WARN_OBJC_LITERAL_CONVERSION = YES;
				CLANG_WARN_OBJC_ROOT_CLASS = YES_ERROR;
				CLANG_WARN_QUOTED_INCLUDE_IN_FRAMEWORK_HEADER = YES;
				CLANG_WARN_RANGE_LOOP_ANALYSIS = YES;
				CLANG_WARN_STRICT_PROTOTYPES = YES;
				CLANG_WARN_SUSPICIOUS_MOVE = YES;
				CLANG_WARN_UNGUARDED_AVAILABILITY = YES_AGGRESSIVE;
				CLANG_WARN_UNREACHABLE_CODE = YES;
				CLANG_WARN__DUPLICATE_METHOD_MATCH = YES;
				COPY_PHASE_STRIP = NO;
				DEBUG_INFORMATION_FORMAT = dwarf;
				ENABLE_STRICT_OBJC_MSGSEND = YES;
				ENABLE_TESTABILITY = YES;
				GCC_C_LANGUAGE_STANDARD = gnu11;
				GCC_DYNAMIC_NO_PIC = NO;
				GCC_NO_COMMON_BLOCKS = YES;
				GCC_OPTIMIZATION_LEVEL = 0;
				GCC_PREPROCESSOR_DEFINITIONS = (
					"DEBUG=1",
					"$(inherited)",
				);
				GCC_WARN_64_TO_32_BIT_CONVERSION = YES;
				GCC_WARN_ABOUT_RETURN_TYPE = YES_ERROR;
				GCC_WARN_UNDECLARED_SELECTOR = YES;
				GCC_WARN_UNINITIALIZED_AUTOS = YES_AGGRESSIVE;
				GCC_WARN_UNUSED_FUNCTION = YES;
				GCC_WARN_UNUSED_VARIABLE = YES;
				IPHONEOS_DEPLOYMENT_TARGET = 16.1;
				MTL_ENABLE_DEBUG_INFO = INCLUDE_SOURCE;
				MTL_FAST_MATH = YES;
				ONLY_ACTIVE_ARCH = YES;
				SDKROOT = iphoneos;
				SWIFT_ACTIVE_COMPILATION_CONDITIONS = DEBUG;
				SWIFT_OPTIMIZATION_LEVEL = "-Onone";
			};
			name = Debug;
		};
		E94021462F5AF8E400337521 /* Release */ = {
			isa = XCBuildConfiguration;
			buildSettings = {
				ALWAYS_SEARCH_USER_PATHS = NO;
				CLANG_ANALYZER_NONNULL = YES;
				CLANG_ANALYZER_NUMBER_OBJECT_CONVERSION = YES_AGGRESSIVE;
				CLANG_CXX_LANGUAGE_STANDARD = "gnu++20";
				CLANG_ENABLE_MODULES = YES;
				CLANG_ENABLE_OBJC_ARC = YES;
				CLANG_ENABLE_OBJC_WEAK = YES;
				CLANG_WARN_BLOCK_CAPTURE_AUTORELEASING = YES;
				CLANG_WARN_BOOL_CONVERSION = YES;
				CLANG_WARN_COMMA = YES;
				CLANG_WARN_CONSTANT_CONVERSION = YES;
				CLANG_WARN_DEPRECATED_OBJC_IMPLEMENTATIONS = YES;
				CLANG_WARN_DIRECT_OBJC_ISA_USAGE = YES_ERROR;
				CLANG_WARN_DOCUMENTATION_COMMENTS = YES;
				CLANG_WARN_EMPTY_BODY = YES;
				CLANG_WARN_ENUM_CONVERSION = YES;
				CLANG_WARN_INFINITE_RECURSION = YES;
				CLANG_WARN_INT_CONVERSION = YES;
				CLANG_WARN_NON_LITERAL_NULL_CONVERSION = YES;
				CLANG_WARN_OBJC_IMPLICIT_RETAIN_SELF = YES;
				CLANG_WARN_OBJC_LITERAL_CONVERSION = YES;
				CLANG_WARN_OBJC_ROOT_CLASS = YES_ERROR;
				CLANG_WARN_QUOTED_INCLUDE_IN_FRAMEWORK_HEADER = YES;
				CLANG_WARN_RANGE_LOOP_ANALYSIS = YES;
				CLANG_WARN_STRICT_PROTOTYPES = YES;
				CLANG_WARN_SUSPICIOUS_MOVE = YES;
				CLANG_WARN_UNGUARDED_AVAILABILITY = YES_AGGRESSIVE;
				CLANG_WARN_UNREACHABLE_CODE = YES;
				CLANG_WARN__DUPLICATE_METHOD_MATCH = YES;
				COPY_PHASE_STRIP = NO;
				DEBUG_INFORMATION_FORMAT = "dwarf-with-dsym";
				ENABLE_NS_ASSERTIONS = NO;
				ENABLE_STRICT_OBJC_MSGSEND = YES;
				GCC_C_LANGUAGE_STANDARD = gnu11;
				GCC_NO_COMMON_BLOCKS = YES;
				GCC_WARN_64_TO_32_BIT_CONVERSION = YES;
				GCC_WARN_ABOUT_RETURN_TYPE = YES_ERROR;
				GCC_WARN_UNDECLARED_SELECTOR = YES;
				GCC_WARN_UNINITIALIZED_AUTOS = YES_AGGRESSIVE;
				GCC_WARN_UNUSED_FUNCTION = YES;
				GCC_WARN_UNUSED_VARIABLE = YES;
				IPHONEOS_DEPLOYMENT_TARGET = 16.1;
				MTL_ENABLE_DEBUG_INFO = NO;
				MTL_FAST_MATH = YES;
				SDKROOT = iphoneos;
				SWIFT_COMPILATION_MODE = wholemodule;
				SWIFT_OPTIMIZATION_LEVEL = "-O";
				VALIDATE_PRODUCT = YES;
			};
			name = Release;
		};
		E94021482F5AF8E400337521 /* Debug */ = {
			isa = XCBuildConfiguration;
			buildSettings = {
				ASSETCATALOG_COMPILER_APPICON_NAME = AppIcon;
				ASSETCATALOG_COMPILER_GLOBAL_ACCENT_COLOR_NAME = AccentColor;
				CODE_SIGN_STYLE = Automatic;
				CURRENT_PROJECT_VERSION = 1;
				DEVELOPMENT_ASSET_PATHS = "\"Tel24/Preview Content\"";
				DEVELOPMENT_TEAM = LF76S7CXAZ;
				ENABLE_PREVIEWS = YES;
				GENERATE_INFOPLIST_FILE = YES;
				INFOPLIST_KEY_UIApplicationSceneManifest_Generation = YES;
				INFOPLIST_KEY_UIApplicationSupportsIndirectInputEvents = YES;
				INFOPLIST_KEY_UILaunchScreen_Generation = YES;
				INFOPLIST_KEY_UISupportedInterfaceOrientations_iPad = "UIInterfaceOrientationPortrait UIInterfaceOrientationPortraitUpsideDown UIInterfaceOrientationLandscapeLeft UIInterfaceOrientationLandscapeRight";
				INFOPLIST_KEY_UISupportedInterfaceOrientations_iPhone = "UIInterfaceOrientationPortrait UIInterfaceOrientationLandscapeLeft UIInterfaceOrientationLandscapeRight";
				LD_RUNPATH_SEARCH_PATHS = (
					"$(inherited)",
					"@executable_path/Frameworks",
				);
				MARKETING_VERSION = 1.0;
				PRODUCT_BUNDLE_IDENTIFIER = wiz.Tel24;
				PRODUCT_NAME = "$(TARGET_NAME)";
				SWIFT_EMIT_LOC_STRINGS = YES;
				SWIFT_VERSION = 5.0;
				TARGETED_DEVICE_FAMILY = "1,2";
			};
			name = Debug;
		};
		E94021492F5AF8E400337521 /* Release */ = {
			isa = XCBuildConfiguration;
			buildSettings = {
				ASSETCATALOG_COMPILER_APPICON_NAME = AppIcon;
				ASSETCATALOG_COMPILER_GLOBAL_ACCENT_COLOR_NAME = AccentColor;
				CODE_SIGN_STYLE = Automatic;
				CURRENT_PROJECT_VERSION = 1;
				DEVELOPMENT_ASSET_PATHS = "\"Tel24/Preview Content\"";
				DEVELOPMENT_TEAM = LF76S7CXAZ;
				ENABLE_PREVIEWS = YES;
				GENERATE_INFOPLIST_FILE = YES;
				INFOPLIST_KEY_UIApplicationSceneManifest_Generation = YES;
				INFOPLIST_KEY_UIApplicationSupportsIndirectInputEvents = YES;
				INFOPLIST_KEY_UILaunchScreen_Generation = YES;
				INFOPLIST_KEY_UISupportedInterfaceOrientations_iPad = "UIInterfaceOrientationPortrait UIInterfaceOrientationPortraitUpsideDown UIInterfaceOrientationLandscapeLeft UIInterfaceOrientationLandscapeRight";
				INFOPLIST_KEY_UISupportedInterfaceOrientations_iPhone = "UIInterfaceOrientationPortrait UIInterfaceOrientationLandscapeLeft UIInterfaceOrientationLandscapeRight";
				LD_RUNPATH_SEARCH_PATHS = (
					"$(inherited)",
					"@executable_path/Frameworks",
				);
				MARKETING_VERSION = 1.0;
				PRODUCT_BUNDLE_IDENTIFIER = wiz.Tel24;
				PRODUCT_NAME = "$(TARGET_NAME)";
				SWIFT_EMIT_LOC_STRINGS = YES;
				SWIFT_VERSION = 5.0;
				TARGETED_DEVICE_FAMILY = "1,2";
			};
			name = Release;
		};
		E940214B2F5AF8E400337521 /* Debug */ = {
			isa = XCBuildConfiguration;
			buildSettings = {
				ALWAYS_EMBED_SWIFT_STANDARD_LIBRARIES = YES;
				BUNDLE_LOADER = "$(TEST_HOST)";
				CODE_SIGN_STYLE = Automatic;
				CURRENT_PROJECT_VERSION = 1;
				DEVELOPMENT_TEAM = LF76S7CXAZ;
				GENERATE_INFOPLIST_FILE = YES;
				IPHONEOS_DEPLOYMENT_TARGET = 16.1;
				MARKETING_VERSION = 1.0;
				PRODUCT_BUNDLE_IDENTIFIER = wiz.Tel24Tests;
				PRODUCT_NAME = "$(TARGET_NAME)";
				SWIFT_EMIT_LOC_STRINGS = NO;
				SWIFT_VERSION = 5.0;
				TARGETED_DEVICE_FAMILY = "1,2";
				TEST_HOST = "$(BUILT_PRODUCTS_DIR)/Tel24.app/$(BUNDLE_EXECUTABLE_FOLDER_PATH)/Tel24";
			};
			name = Debug;
		};
		E940214C2F5AF8E400337521 /* Release */ = {
			isa = XCBuildConfiguration;
			buildSettings = {
				ALWAYS_EMBED_SWIFT_STANDARD_LIBRARIES = YES;
				BUNDLE_LOADER = "$(TEST_HOST)";
				CODE_SIGN_STYLE = Automatic;
				CURRENT_PROJECT_VERSION = 1;
				DEVELOPMENT_TEAM = LF76S7CXAZ;
				GENERATE_INFOPLIST_FILE = YES;
				IPHONEOS_DEPLOYMENT_TARGET = 16.1;
				MARKETING_VERSION = 1.0;
				PRODUCT_BUNDLE_IDENTIFIER = wiz.Tel24Tests;
				PRODUCT_NAME = "$(TARGET_NAME)";
				SWIFT_EMIT_LOC_STRINGS = NO;
				SWIFT_VERSION = 5.0;
				TARGETED_DEVICE_FAMILY = "1,2";
				TEST_HOST = "$(BUILT_PRODUCTS_DIR)/Tel24.app/$(BUNDLE_EXECUTABLE_FOLDER_PATH)/Tel24";
			};
			name = Release;
		};
		E940214E2F5AF8E400337521 /* Debug */ = {
			isa = XCBuildConfiguration;
			buildSettings = {
				ALWAYS_EMBED_SWIFT_STANDARD_LIBRARIES = YES;
				CODE_SIGN_STYLE = Automatic;
				CURRENT_PROJECT_VERSION = 1;
				DEVELOPMENT_TEAM = LF76S7CXAZ;
				GENERATE_INFOPLIST_FILE = YES;
				MARKETING_VERSION = 1.0;
				PRODUCT_BUNDLE_IDENTIFIER = wiz.Tel24UITests;
				PRODUCT_NAME = "$(TARGET_NAME)";
				SWIFT_EMIT_LOC_STRINGS = NO;
				SWIFT_VERSION = 5.0;
				TARGETED_DEVICE_FAMILY = "1,2";
				TEST_TARGET_NAME = Tel24;
			};
			name = Debug;
		};
		E940214F2F5AF8E400337521 /* Release */ = {
			isa = XCBuildConfiguration;
			buildSettings = {
				ALWAYS_EMBED_SWIFT_STANDARD_LIBRARIES = YES;
				CODE_SIGN_STYLE = Automatic;
				CURRENT_PROJECT_VERSION = 1;
				DEVELOPMENT_TEAM = LF76S7CXAZ;
				GENERATE_INFOPLIST_FILE = YES;
				MARKETING_VERSION = 1.0;
				PRODUCT_BUNDLE_IDENTIFIER = wiz.Tel24UITests;
				PRODUCT_NAME = "$(TARGET_NAME)";
				SWIFT_EMIT_LOC_STRINGS = NO;
				SWIFT_VERSION = 5.0;
				TARGETED_DEVICE_FAMILY = "1,2";
				TEST_TARGET_NAME = Tel24;
			};
			name = Release;
		};
/* End XCBuildConfiguration section */

/* Begin XCConfigurationList section */
		E94021192F5AF8E200337521 /* Build configuration list for PBXProject "Tel24" */ = {
			isa = XCConfigurationList;
			buildConfigurations = (
				E94021452F5AF8E400337521 /* Debug */,
				E94021462F5AF8E400337521 /* Release */,
			);
			defaultConfigurationIsVisible = 0;
			defaultConfigurationName = Release;
		};
		E94021472F5AF8E400337521 /* Build configuration list for PBXNativeTarget "Tel24" */ = {
			isa = XCConfigurationList;
			buildConfigurations = (
				E94021482F5AF8E400337521 /* Debug */,
				E94021492F5AF8E400337521 /* Release */,
			);
			defaultConfigurationIsVisible = 0;
			defaultConfigurationName = Release;
		};
		E940214A2F5AF8E400337521 /* Build configuration list for PBXNativeTarget "Tel24Tests" */ = {
			isa = XCConfigurationList;
			buildConfigurations = (
				E940214B2F5AF8E400337521 /* Debug */,
				E940214C2F5AF8E400337521 /* Release */,
			);
			defaultConfigurationIsVisible = 0;
			defaultConfigurationName = Release;
		};
		E940214D2F5AF8E400337521 /* Build configuration list for PBXNativeTarget "Tel24UITests" */ = {
			isa = XCConfigurationList;
			buildConfigurations = (
				E940214E2F5AF8E400337521 /* Debug */,
				E940214F2F5AF8E400337521 /* Release */,
			);
			defaultConfigurationIsVisible = 0;
			defaultConfigurationName = Release;
		};
/* End XCConfigurationList section */

/* Begin XCVersionGroup section */
		E940212C2F5AF8E400337521 /* Tel24.xcdatamodeld */ = {
			isa = XCVersionGroup;
			children = (
				E940212D2F5AF8E400337521 /* Tel24.xcdatamodel */,
			);
			currentVersion = E940212D2F5AF8E400337521 /* Tel24.xcdatamodel */;
			path = Tel24.xcdatamodeld;
			sourceTree = "<group>";
			versionGroupType = wrapper.xcdatamodel;
		};
/* End XCVersionGroup section */
	};
	rootObject = E94021162F5AF8E200337521 /* Project object */;
}
